
Microsoft Visual Studio Solution File, Format Version 12.00
# Visual Studio Version 17
VisualStudioVersion = 17.0.32112.339
MinimumVisualStudioVersion = 10.0.40219.1
Project("{FAE04EC0-301F-11D3-BF4B-00C04F79EFBC}") = "Codewars", "Codewars\Codewars.csproj", "{17357928-1407-438D-B28B-0621EF5B97BC}"
EndProject
Project("{FAE04EC0-301F-11D3-BF4B-00C04F79EFBC}") = "Codewars.Tests", "Codewars.Tests\Codewars.Tests.csproj", "{4C8F48C8-6D68-497D-8423-97F512E21E94}"
EndProject
Global
	GlobalSection(SolutionConfigurationPlatforms) = preSolution
		Debug|Any CPU = Debug|Any CPU
		Release|Any CPU = Release|Any CPU
	EndGlobalSection
	GlobalSection(ProjectConfigurationPlatforms) = postSolution
		{17357928-1407-438D-B28B-0621EF5B97BC}.Debug|Any CPU.ActiveCfg = Debug|Any CPU
		{17357928-1407-438D-B28B-0621EF5B97BC}.Debug|Any CPU.Build.0 = Debug|Any CPU
		{17357928-1407-438D-B28B-0621EF5B97BC}.Release|Any CPU.ActiveCfg = Release|Any CPU
		{17357928-1407-438D-B28B-0621EF5B97BC}.Release|Any CPU.Build.0 = Release|Any CPU
		{4C8F48C8-6D68-497D-8423-97F512E21E94}.Debug|Any CPU.ActiveCfg = Debug|Any CPU
		{4C8F48C8-6D68-497D-8423-97F512E21E94}.Debug|Any CPU.Build.0 = Debug|Any CPU
		{4C8F48C8-6D68-497D-8423-97F512E21E94}.Release|Any CPU.ActiveCfg = Release|Any CPU
		{4C8F48C8-6D68-497D-8423-97F512E21E94}.Release|Any CPU.Build.0 = Release|Any CPU
	EndGlobalSection
	GlobalSection(SolutionProperties) = preSolution
		HideSolutionNode = FALSE
	EndGlobalSection
	GlobalSection(ExtensibilityGlobals) = postSolution
		SolutionGuid = {E4177529-0ACF-4CA8-918F-50051FC9765E}
	EndGlobalSection
EndGlobal
